
Microsoft Visual Studio Solution File, Format Version 11.00
# Visual Studio 2010
Project("{FAE04EC0-301F-11D3-BF4B-00C04F79EFBC}") = "TDheight", "Assembly-CSharp.csproj", "{2DDFB743-86CC-EBB5-4166-2409F425240E}"
EndProject
Global
	GlobalSection(SolutionConfigurationPlatforms) = preSolution
		Debug|Any CPU = Debug|Any CPU
		Release|Any CPU = Release|Any CPU
	EndGlobalSection
	GlobalSection(ProjectConfigurationPlatforms) = postSolution
		{2DDFB743-86CC-EBB5-4166-2409F425240E}.Debug|Any CPU.ActiveCfg = Debug|Any CPU
		{2DDFB743-86CC-EBB5-4166-2409F425240E}.Debug|Any CPU.Build.0 = Debug|Any CPU
		{2DDFB743-86CC-EBB5-4166-2409F425240E}.Release|Any CPU.ActiveCfg = Release|Any CPU
		{2DDFB743-86CC-EBB5-4166-2409F425240E}.Release|Any CPU.Build.0 = Release|Any CPU
	EndGlobalSection
	GlobalSection(SolutionProperties) = preSolution
		HideSolutionNode = FALSE
	EndGlobalSection
	GlobalSection(MonoDevelopProperties) = preSolution
		StartupItem = Assembly-CSharp.csproj
	EndGlobalSection
EndGlobal
